
Microsoft Visual Studio Solution File, Format Version 12.00
# Visual Studio Version 17
VisualStudioVersion = 17.3.32825.248
MinimumVisualStudioVersion = 10.0.40219.1
Project("{FAE04EC0-301F-11D3-BF4B-00C04F79EFBC}") = "FaceExpressionSelectorPlugin", "FaceExpressionSelector\FaceExpressionSelectorPlugin.csproj", "{A6138EF1-50D5-4EFF-A511-A0749C84688D}"
EndProject
Project("{FAE04EC0-301F-11D3-BF4B-00C04F79EFBC}") = "FaceExpressionSelectorMMD", "FaceExpressionSelectorMMD\FaceExpressionSelectorMMD.csproj", "{39FBB6DF-2355-4E89-B4D1-54A01786BD93}"
EndProject
Project("{FAE04EC0-301F-11D3-BF4B-00C04F79EFBC}") = "AutoBlinkerPlugin", "AutoBlinkerPlugin\AutoBlinkerPlugin.csproj", "{97AFB0E3-AAA0-4DDD-A5D7-8748D1E5145C}"
EndProject
Project("{FAE04EC0-301F-11D3-BF4B-00C04F79EFBC}") = "AutoBlinkerMMD", "AutoBlinkerMMD\AutoBlinkerMMD.csproj", "{5363C1AF-4E73-4BCF-B667-5C723D4B12C6}"
EndProject
Project("{2150E333-8FDC-42A3-9474-1A3956D46DE8}") = "github", "github", "{DDB4EF12-CC4E-5E88-E6FC-71A802F4DE97}"
	ProjectSection(SolutionItems) = preProject
		.gitattributes = .gitattributes
		.gitignore = .gitignore
		copilot-instructions.md = copilot-instructions.md
	EndProjectSection
EndProject
Project("{FAE04EC0-301F-11D3-BF4B-00C04F79EFBC}") = "MoCapModificationHelperPlugin", "MocapModificationHelperPlugin\MoCapModificationHelperPlugin.csproj", "{F30AB181-DC49-469B-9053-AD6F0C7B8F98}"
EndProject
Project("{2150E333-8FDC-42A3-9474-1A3956D46DE8}") = ".amazonq", ".amazonq", "{A887C6B5-6704-4B7A-A06C-68A4BB1C5138}"
EndProject
Project("{2150E333-8FDC-42A3-9474-1A3956D46DE8}") = "rules", "rules", "{27CD690C-0058-4FF1-8588-4921435A9979}"
	ProjectSection(SolutionItems) = preProject
		..\.amazonq\rules\rules.md = ..\.amazonq\rules\rules.md
	EndProjectSection
EndProject
Global
	GlobalSection(SolutionConfigurationPlatforms) = preSolution
		Debug|Any CPU = Debug|Any CPU
		Debug|x64 = Debug|x64
		Debug|x86 = Debug|x86
		Release|Any CPU = Release|Any CPU
		Release|x64 = Release|x64
		Release|x86 = Release|x86
	EndGlobalSection
	GlobalSection(ProjectConfigurationPlatforms) = postSolution
		{A6138EF1-50D5-4EFF-A511-A0749C84688D}.Debug|Any CPU.ActiveCfg = Debug|Any CPU
		{A6138EF1-50D5-4EFF-A511-A0749C84688D}.Debug|Any CPU.Build.0 = Debug|Any CPU
		{A6138EF1-50D5-4EFF-A511-A0749C84688D}.Debug|x64.ActiveCfg = Debug|Any CPU
		{A6138EF1-50D5-4EFF-A511-A0749C84688D}.Debug|x64.Build.0 = Debug|Any CPU
		{A6138EF1-50D5-4EFF-A511-A0749C84688D}.Debug|x86.ActiveCfg = Debug|Any CPU
		{A6138EF1-50D5-4EFF-A511-A0749C84688D}.Debug|x86.Build.0 = Debug|Any CPU
		{A6138EF1-50D5-4EFF-A511-A0749C84688D}.Release|Any CPU.ActiveCfg = Release|Any CPU
		{A6138EF1-50D5-4EFF-A511-A0749C84688D}.Release|Any CPU.Build.0 = Release|Any CPU
		{A6138EF1-50D5-4EFF-A511-A0749C84688D}.Release|x64.ActiveCfg = Release|Any CPU
		{A6138EF1-50D5-4EFF-A511-A0749C84688D}.Release|x64.Build.0 = Release|Any CPU
		{A6138EF1-50D5-4EFF-A511-A0749C84688D}.Release|x86.ActiveCfg = Release|Any CPU
		{A6138EF1-50D5-4EFF-A511-A0749C84688D}.Release|x86.Build.0 = Release|Any CPU
		{39FBB6DF-2355-4E89-B4D1-54A01786BD93}.Debug|Any CPU.ActiveCfg = Debug|Any CPU
		{39FBB6DF-2355-4E89-B4D1-54A01786BD93}.Debug|Any CPU.Build.0 = Debug|Any CPU
		{39FBB6DF-2355-4E89-B4D1-54A01786BD93}.Debug|x64.ActiveCfg = Debug|Any CPU
		{39FBB6DF-2355-4E89-B4D1-54A01786BD93}.Debug|x64.Build.0 = Debug|Any CPU
		{39FBB6DF-2355-4E89-B4D1-54A01786BD93}.Debug|x86.ActiveCfg = Debug|x86
		{39FBB6DF-2355-4E89-B4D1-54A01786BD93}.Release|Any CPU.ActiveCfg = Release|Any CPU
		{39FBB6DF-2355-4E89-B4D1-54A01786BD93}.Release|Any CPU.Build.0 = Release|Any CPU
		{39FBB6DF-2355-4E89-B4D1-54A01786BD93}.Release|x64.ActiveCfg = Release|Any CPU
		{39FBB6DF-2355-4E89-B4D1-54A01786BD93}.Release|x86.ActiveCfg = Release|x86
		{97AFB0E3-AAA0-4DDD-A5D7-8748D1E5145C}.Debug|Any CPU.ActiveCfg = Debug|Any CPU
		{97AFB0E3-AAA0-4DDD-A5D7-8748D1E5145C}.Debug|Any CPU.Build.0 = Debug|Any CPU
		{97AFB0E3-AAA0-4DDD-A5D7-8748D1E5145C}.Debug|x64.ActiveCfg = Debug|Any CPU
		{97AFB0E3-AAA0-4DDD-A5D7-8748D1E5145C}.Debug|x64.Build.0 = Debug|Any CPU
		{97AFB0E3-AAA0-4DDD-A5D7-8748D1E5145C}.Debug|x86.ActiveCfg = Debug|Any CPU
		{97AFB0E3-AAA0-4DDD-A5D7-8748D1E5145C}.Debug|x86.Build.0 = Debug|Any CPU
		{97AFB0E3-AAA0-4DDD-A5D7-8748D1E5145C}.Release|Any CPU.ActiveCfg = Release|Any CPU
		{97AFB0E3-AAA0-4DDD-A5D7-8748D1E5145C}.Release|Any CPU.Build.0 = Release|Any CPU
		{97AFB0E3-AAA0-4DDD-A5D7-8748D1E5145C}.Release|x64.ActiveCfg = Release|Any CPU
		{97AFB0E3-AAA0-4DDD-A5D7-8748D1E5145C}.Release|x64.Build.0 = Release|Any CPU
		{97AFB0E3-AAA0-4DDD-A5D7-8748D1E5145C}.Release|x86.ActiveCfg = Release|Any CPU
		{97AFB0E3-AAA0-4DDD-A5D7-8748D1E5145C}.Release|x86.Build.0 = Release|Any CPU
		{5363C1AF-4E73-4BCF-B667-5C723D4B12C6}.Debug|Any CPU.ActiveCfg = Debug|Any CPU
		{5363C1AF-4E73-4BCF-B667-5C723D4B12C6}.Debug|Any CPU.Build.0 = Debug|Any CPU
		{5363C1AF-4E73-4BCF-B667-5C723D4B12C6}.Debug|x64.ActiveCfg = Debug|Any CPU
		{5363C1AF-4E73-4BCF-B667-5C723D4B12C6}.Debug|x64.Build.0 = Debug|Any CPU
		{5363C1AF-4E73-4BCF-B667-5C723D4B12C6}.Debug|x86.ActiveCfg = Debug|Any CPU
		{5363C1AF-4E73-4BCF-B667-5C723D4B12C6}.Debug|x86.Build.0 = Debug|Any CPU
		{5363C1AF-4E73-4BCF-B667-5C723D4B12C6}.Release|Any CPU.ActiveCfg = Release|Any CPU
		{5363C1AF-4E73-4BCF-B667-5C723D4B12C6}.Release|Any CPU.Build.0 = Release|Any CPU
		{5363C1AF-4E73-4BCF-B667-5C723D4B12C6}.Release|x64.ActiveCfg = Release|Any CPU
		{5363C1AF-4E73-4BCF-B667-5C723D4B12C6}.Release|x64.Build.0 = Release|Any CPU
		{5363C1AF-4E73-4BCF-B667-5C723D4B12C6}.Release|x86.ActiveCfg = Release|Any CPU
		{5363C1AF-4E73-4BCF-B667-5C723D4B12C6}.Release|x86.Build.0 = Release|Any CPU
		{F30AB181-DC49-469B-9053-AD6F0C7B8F98}.Debug|Any CPU.ActiveCfg = Debug|Any CPU
		{F30AB181-DC49-469B-9053-AD6F0C7B8F98}.Debug|Any CPU.Build.0 = Debug|Any CPU
		{F30AB181-DC49-469B-9053-AD6F0C7B8F98}.Debug|x64.ActiveCfg = Debug|Any CPU
		{F30AB181-DC49-469B-9053-AD6F0C7B8F98}.Debug|x64.Build.0 = Debug|Any CPU
		{F30AB181-DC49-469B-9053-AD6F0C7B8F98}.Debug|x86.ActiveCfg = Debug|Any CPU
		{F30AB181-DC49-469B-9053-AD6F0C7B8F98}.Debug|x86.Build.0 = Debug|Any CPU
		{F30AB181-DC49-469B-9053-AD6F0C7B8F98}.Release|Any CPU.ActiveCfg = Release|Any CPU
		{F30AB181-DC49-469B-9053-AD6F0C7B8F98}.Release|Any CPU.Build.0 = Release|Any CPU
		{F30AB181-DC49-469B-9053-AD6F0C7B8F98}.Release|x64.ActiveCfg = Release|Any CPU
		{F30AB181-DC49-469B-9053-AD6F0C7B8F98}.Release|x64.Build.0 = Release|Any CPU
		{F30AB181-DC49-469B-9053-AD6F0C7B8F98}.Release|x86.ActiveCfg = Release|Any CPU
		{F30AB181-DC49-469B-9053-AD6F0C7B8F98}.Release|x86.Build.0 = Release|Any CPU
	EndGlobalSection
	GlobalSection(SolutionProperties) = preSolution
		HideSolutionNode = FALSE
	EndGlobalSection
	GlobalSection(NestedProjects) = preSolution
		{27CD690C-0058-4FF1-8588-4921435A9979} = {A887C6B5-6704-4B7A-A06C-68A4BB1C5138}
	EndGlobalSection
	GlobalSection(ExtensibilityGlobals) = postSolution
		SolutionGuid = {5DC5CB31-16F5-458E-8782-42149CEC7B79}
	EndGlobalSection
EndGlobal
